// !$*UTF8*$!
{
	archiveVersion = 1;
	classes = {
	};
	objectVersion = 56;
	objects = {

/* Begin PBXBuildFile section */
		CB24F3E72BEE6D8E006ABE5E /* NightingaleSimApp.swift in Sources */ = {isa = PBXBuildFile; fileRef = CB24F3E62BEE6D8E006ABE5E /* NightingaleSimApp.swift */; };
		CB24F3E92BEE6D8E006ABE5E /* ContentView.swift in Sources */ = {isa = PBXBuildFile; fileRef = CB24F3E82BEE6D8E006ABE5E /* ContentView.swift */; };
		CB24F3EB2BEE6D92006ABE5E /* Assets.xcassets in Resources */ = {isa = PBXBuildFile; fileRef = CB24F3EA2BEE6D92006ABE5E /* Assets.xcassets */; };
		CB24F3EE2BEE6D92006ABE5E /* Preview Assets.xcassets in Resources */ = {isa = PBXBuildFile; fileRef = CB24F3ED2BEE6D92006ABE5E /* Preview Assets.xcassets */; };
		CB24F3F72BEE8389006ABE5E /* ViewControlEnum.swift in Sources */ = {isa = PBXBuildFile; fileRef = CB24F3F62BEE8389006ABE5E /* ViewControlEnum.swift */; };
		CB24F3F92BEE83B4006ABE5E /* StaticSim.swift in Sources */ = {isa = PBXBuildFile; fileRef = CB24F3F82BEE83B4006ABE5E /* StaticSim.swift */; };
		CB709DFF2BF18C660027EDAD /* SettingsSim.swift in Sources */ = {isa = PBXBuildFile; fileRef = CB709DFE2BF18C660027EDAD /* SettingsSim.swift */; };
		CB709E022BF275950027EDAD /* LoginAuth.swift in Sources */ = {isa = PBXBuildFile; fileRef = CB709E012BF275950027EDAD /* LoginAuth.swift */; };
		CB709E042BF2A2600027EDAD /* ResetAuth.swift in Sources */ = {isa = PBXBuildFile; fileRef = CB709E032BF2A2600027EDAD /* ResetAuth.swift */; };
		CBCE57712BF1477E00A6C84F /* MapManager.swift in Sources */ = {isa = PBXBuildFile; fileRef = CBCE57702BF1477D00A6C84F /* MapManager.swift */; };
/* End PBXBuildFile section */

/* Begin PBXFileReference section */
		CB24F3E32BEE6D8E006ABE5E /* NightingaleSim.app */ = {isa = PBXFileReference; explicitFileType = wrapper.application; includeInIndex = 0; path = NightingaleSim.app; sourceTree = BUILT_PRODUCTS_DIR; };
		CB24F3E62BEE6D8E006ABE5E /* NightingaleSimApp.swift */ = {isa = PBXFileReference; lastKnownFileType = sourcecode.swift; path = NightingaleSimApp.swift; sourceTree = "<group>"; };
		CB24F3E82BEE6D8E006ABE5E /* ContentView.swift */ = {isa = PBXFileReference; lastKnownFileType = sourcecode.swift; path = ContentView.swift; sourceTree = "<group>"; };
		CB24F3EA2BEE6D92006ABE5E /* Assets.xcassets */ = {isa = PBXFileReference; lastKnownFileType = folder.assetcatalog; path = Assets.xcassets; sourceTree = "<group>"; };
		CB24F3ED2BEE6D92006ABE5E /* Preview Assets.xcassets */ = {isa = PBXFileReference; lastKnownFileType = folder.assetcatalog; path = "Preview Assets.xcassets"; sourceTree = "<group>"; };
		CB24F3F62BEE8389006ABE5E /* ViewControlEnum.swift */ = {isa = PBXFileReference; lastKnownFileType = sourcecode.swift; path = ViewControlEnum.swift; sourceTree = "<group>"; };
		CB24F3F82BEE83B4006ABE5E /* StaticSim.swift */ = {isa = PBXFileReference; lastKnownFileType = sourcecode.swift; path = StaticSim.swift; sourceTree = "<group>"; };
		CB709DFE2BF18C660027EDAD /* SettingsSim.swift */ = {isa = PBXFileReference; lastKnownFileType = sourcecode.swift; path = SettingsSim.swift; sourceTree = "<group>"; };
		CB709E012BF275950027EDAD /* LoginAuth.swift */ = {isa = PBXFileReference; lastKnownFileType = sourcecode.swift; path = LoginAuth.swift; sourceTree = "<group>"; };
		CB709E032BF2A2600027EDAD /* ResetAuth.swift */ = {isa = PBXFileReference; lastKnownFileType = sourcecode.swift; path = ResetAuth.swift; sourceTree = "<group>"; };
		CBCE57702BF1477D00A6C84F /* MapManager.swift */ = {isa = PBXFileReference; lastKnownFileType = sourcecode.swift; path = MapManager.swift; sourceTree = "<group>"; };
/* End PBXFileReference section */

/* Begin PBXFrameworksBuildPhase section */
		CB24F3E02BEE6D8E006ABE5E /* Frameworks */ = {
			isa = PBXFrameworksBuildPhase;
			buildActionMask = 2147483647;
			files = (
			);
			runOnlyForDeploymentPostprocessing = 0;
		};
/* End PBXFrameworksBuildPhase section */

/* Begin PBXGroup section */
		CB24F3DA2BEE6D8E006ABE5E = {
			isa = PBXGroup;
			children = (
				CB24F3E52BEE6D8E006ABE5E /* NightingaleSim */,
				CB24F3E42BEE6D8E006ABE5E /* Products */,
			);
			sourceTree = "<group>";
		};
		CB24F3E42BEE6D8E006ABE5E /* Products */ = {
			isa = PBXGroup;
			children = (
				CB24F3E32BEE6D8E006ABE5E /* NightingaleSim.app */,
			);
			name = Products;
			sourceTree = "<group>";
		};
		CB24F3E52BEE6D8E006ABE5E /* NightingaleSim */ = {
			isa = PBXGroup;
			children = (
				CB24F3F42BEE834B006ABE5E /* Protocols */,
				CBCE576F2BF1476800A6C84F /* Managers */,
				CB24F3F52BEE8359006ABE5E /* Views */,
				CB24F3E62BEE6D8E006ABE5E /* NightingaleSimApp.swift */,
				CB24F3E82BEE6D8E006ABE5E /* ContentView.swift */,
				CB24F3EA2BEE6D92006ABE5E /* Assets.xcassets */,
				CB24F3EC2BEE6D92006ABE5E /* Preview Content */,
			);
			path = NightingaleSim;
			sourceTree = "<group>";
		};
		CB24F3EC2BEE6D92006ABE5E /* Preview Content */ = {
			isa = PBXGroup;
			children = (
				CB24F3ED2BEE6D92006ABE5E /* Preview Assets.xcassets */,
			);
			path = "Preview Content";
			sourceTree = "<group>";
		};
		CB24F3F42BEE834B006ABE5E /* Protocols */ = {
			isa = PBXGroup;
			children = (
				CB24F3F62BEE8389006ABE5E /* ViewControlEnum.swift */,
			);
			path = Protocols;
			sourceTree = "<group>";
		};
		CB24F3F52BEE8359006ABE5E /* Views */ = {
			isa = PBXGroup;
			children = (
				CB709E002BF275720027EDAD /* SimAuth */,
				CB24F3F82BEE83B4006ABE5E /* StaticSim.swift */,
				CB709DFE2BF18C660027EDAD /* SettingsSim.swift */,
			);
			path = Views;
			sourceTree = "<group>";
		};
		CB709E002BF275720027EDAD /* SimAuth */ = {
			isa = PBXGroup;
			children = (
				CB709E012BF275950027EDAD /* LoginAuth.swift */,
				CB709E032BF2A2600027EDAD /* ResetAuth.swift */,
			);
			path = SimAuth;
			sourceTree = "<group>";
		};
		CBCE576F2BF1476800A6C84F /* Managers */ = {
			isa = PBXGroup;
			children = (
				CBCE57702BF1477D00A6C84F /* MapManager.swift */,
			);
			path = Managers;
			sourceTree = "<group>";
		};
/* End PBXGroup section */

/* Begin PBXNativeTarget section */
		CB24F3E22BEE6D8E006ABE5E /* NightingaleSim */ = {
			isa = PBXNativeTarget;
			buildConfigurationList = CB24F3F12BEE6D92006ABE5E /* Build configuration list for PBXNativeTarget "NightingaleSim" */;
			buildPhases = (
				CB24F3DF2BEE6D8E006ABE5E /* Sources */,
				CB24F3E02BEE6D8E006ABE5E /* Frameworks */,
				CB24F3E12BEE6D8E006ABE5E /* Resources */,
			);
			buildRules = (
			);
			dependencies = (
			);
			name = NightingaleSim;
			productName = NightingaleSim;
			productReference = CB24F3E32BEE6D8E006ABE5E /* NightingaleSim.app */;
			productType = "com.apple.product-type.application";
		};
/* End PBXNativeTarget section */

/* Begin PBXProject section */
		CB24F3DB2BEE6D8E006ABE5E /* Project object */ = {
			isa = PBXProject;
			attributes = {
				BuildIndependentTargetsInParallel = 1;
				LastSwiftUpdateCheck = 1520;
				LastUpgradeCheck = 1520;
				TargetAttributes = {
					CB24F3E22BEE6D8E006ABE5E = {
						CreatedOnToolsVersion = 15.2;
					};
				};
			};
			buildConfigurationList = CB24F3DE2BEE6D8E006ABE5E /* Build configuration list for PBXProject "NightingaleSim" */;
			compatibilityVersion = "Xcode 14.0";
			developmentRegion = en;
			hasScannedForEncodings = 0;
			knownRegions = (
				en,
				Base,
			);
			mainGroup = CB24F3DA2BEE6D8E006ABE5E;
			productRefGroup = CB24F3E42BEE6D8E006ABE5E /* Products */;
			projectDirPath = "";
			projectRoot = "";
			targets = (
				CB24F3E22BEE6D8E006ABE5E /* NightingaleSim */,
			);
		};
/* End PBXProject section */

/* Begin PBXResourcesBuildPhase section */
		CB24F3E12BEE6D8E006ABE5E /* Resources */ = {
			isa = PBXResourcesBuildPhase;
			buildActionMask = 2147483647;
			files = (
				CB24F3EE2BEE6D92006ABE5E /* Preview Assets.xcassets in Resources */,
				CB24F3EB2BEE6D92006ABE5E /* Assets.xcassets in Resources */,
			);
			runOnlyForDeploymentPostprocessing = 0;
		};
/* End PBXResourcesBuildPhase section */

/* Begin PBXSourcesBuildPhase section */
		CB24F3DF2BEE6D8E006ABE5E /* Sources */ = {
			isa = PBXSourcesBuildPhase;
			buildActionMask = 2147483647;
			files = (
				CB24F3F72BEE8389006ABE5E /* ViewControlEnum.swift in Sources */,
				CBCE57712BF1477E00A6C84F /* MapManager.swift in Sources */,
				CB709DFF2BF18C660027EDAD /* SettingsSim.swift in Sources */,
				CB24F3E92BEE6D8E006ABE5E /* ContentView.swift in Sources */,
				CB24F3E72BEE6D8E006ABE5E /* NightingaleSimApp.swift in Sources */,
				CB24F3F92BEE83B4006ABE5E /* StaticSim.swift in Sources */,
				CB709E022BF275950027EDAD /* LoginAuth.swift in Sources */,
				CB709E042BF2A2600027EDAD /* ResetAuth.swift in Sources */,
			);
			runOnlyForDeploymentPostprocessing = 0;
		};
/* End PBXSourcesBuildPhase section */

/* Begin XCBuildConfiguration section */
		CB24F3EF2BEE6D92006ABE5E /* Debug */ = {
			isa = XCBuildConfiguration;
			buildSettings = {
				ALWAYS_SEARCH_USER_PATHS = NO;
				ASSETCATALOG_COMPILER_GENERATE_SWIFT_ASSET_SYMBOL_EXTENSIONS = YES;
				CLANG_ANALYZER_NONNULL = YES;
				CLANG_ANALYZER_NUMBER_OBJECT_CONVERSION = YES_AGGRESSIVE;
				CLANG_CXX_LANGUAGE_STANDARD = "gnu++20";
				CLANG_ENABLE_MODULES = YES;
				CLANG_ENABLE_OBJC_ARC = YES;
				CLANG_ENABLE_OBJC_WEAK = YES;
				CLANG_WARN_BLOCK_CAPTURE_AUTORELEASING = YES;
				CLANG_WARN_BOOL_CONVERSION = YES;
				CLANG_WARN_COMMA = YES;
				CLANG_WARN_CONSTANT_CONVERSION = YES;
				CLANG_WARN_DEPRECATED_OBJC_IMPLEMENTATIONS = YES;
				CLANG_WARN_DIRECT_OBJC_ISA_USAGE = YES_ERROR;
				CLANG_WARN_DOCUMENTATION_COMMENTS = YES;
				CLANG_WARN_EMPTY_BODY = YES;
				CLANG_WARN_ENUM_CONVERSION = YES;
				CLANG_WARN_INFINITE_RECURSION = YES;
				CLANG_WARN_INT_CONVERSION = YES;
				CLANG_WARN_NON_LITERAL_NULL_CONVERSION = YES;
				CLANG_WARN_OBJC_IMPLICIT_RETAIN_SELF = YES;
				CLANG_WARN_OBJC_LITERAL_CONVERSION = YES;
				CLANG_WARN_OBJC_ROOT_CLASS = YES_ERROR;
				CLANG_WARN_QUOTED_INCLUDE_IN_FRAMEWORK_HEADER = YES;
				CLANG_WARN_RANGE_LOOP_ANALYSIS = YES;
				CLANG_WARN_STRICT_PROTOTYPES = YES;
				CLANG_WARN_SUSPICIOUS_MOVE = YES;
				CLANG_WARN_UNGUARDED_AVAILABILITY = YES_AGGRESSIVE;
				CLANG_WARN_UNREACHABLE_CODE = YES;
				CLANG_WARN__DUPLICATE_METHOD_MATCH = YES;
				COPY_PHASE_STRIP = NO;
				DEBUG_INFORMATION_FORMAT = dwarf;
				ENABLE_STRICT_OBJC_MSGSEND = YES;
				ENABLE_TESTABILITY = YES;
				ENABLE_USER_SCRIPT_SANDBOXING = YES;
				GCC_C_LANGUAGE_STANDARD = gnu17;
				GCC_DYNAMIC_NO_PIC = NO;
				GCC_NO_COMMON_BLOCKS = YES;
				GCC_OPTIMIZATION_LEVEL = 0;
				GCC_PREPROCESSOR_DEFINITIONS = (
					"DEBUG=1",
					"$(inherited)",
				);
				GCC_WARN_64_TO_32_BIT_CONVERSION = YES;
				GCC_WARN_ABOUT_RETURN_TYPE = YES_ERROR;
				GCC_WARN_UNDECLARED_SELECTOR = YES;
				GCC_WARN_UNINITIALIZED_AUTOS = YES_AGGRESSIVE;
				GCC_WARN_UNUSED_FUNCTION = YES;
				GCC_WARN_UNUSED_VARIABLE = YES;
				IPHONEOS_DEPLOYMENT_TARGET = 17.0;
				LOCALIZATION_PREFERS_STRING_CATALOGS = YES;
				MTL_ENABLE_DEBUG_INFO = INCLUDE_SOURCE;
				MTL_FAST_MATH = YES;
				ONLY_ACTIVE_ARCH = YES;
				SDKROOT = iphoneos;
				SWIFT_ACTIVE_COMPILATION_CONDITIONS = "DEBUG $(inherited)";
				SWIFT_OPTIMIZATION_LEVEL = "-Onone";
			};
			name = Debug;
		};
		CB24F3F02BEE6D92006ABE5E /* Release */ = {
			isa = XCBuildConfiguration;
			buildSettings = {
				ALWAYS_SEARCH_USER_PATHS = NO;
				ASSETCATALOG_COMPILER_GENERATE_SWIFT_ASSET_SYMBOL_EXTENSIONS = YES;
				CLANG_ANALYZER_NONNULL = YES;
				CLANG_ANALYZER_NUMBER_OBJECT_CONVERSION = YES_AGGRESSIVE;
				CLANG_CXX_LANGUAGE_STANDARD = "gnu++20";
				CLANG_ENABLE_MODULES = YES;
				CLANG_ENABLE_OBJC_ARC = YES;
				CLANG_ENABLE_OBJC_WEAK = YES;
				CLANG_WARN_BLOCK_CAPTURE_AUTORELEASING = YES;
				CLANG_WARN_BOOL_CONVERSION = YES;
				CLANG_WARN_COMMA = YES;
				CLANG_WARN_CONSTANT_CONVERSION = YES;
				CLANG_WARN_DEPRECATED_OBJC_IMPLEMENTATIONS = YES;
				CLANG_WARN_DIRECT_OBJC_ISA_USAGE = YES_ERROR;
				CLANG_WARN_DOCUMENTATION_COMMENTS = YES;
				CLANG_WARN_EMPTY_BODY = YES;
				CLANG_WARN_ENUM_CONVERSION = YES;
				CLANG_WARN_INFINITE_RECURSION = YES;
				CLANG_WARN_INT_CONVERSION = YES;
				CLANG_WARN_NON_LITERAL_NULL_CONVERSION = YES;
				CLANG_WARN_OBJC_IMPLICIT_RETAIN_SELF = YES;
				CLANG_WARN_OBJC_LITERAL_CONVERSION = YES;
				CLANG_WARN_OBJC_ROOT_CLASS = YES_ERROR;
				CLANG_WARN_QUOTED_INCLUDE_IN_FRAMEWORK_HEADER = YES;
				CLANG_WARN_RANGE_LOOP_ANALYSIS = YES;
				CLANG_WARN_STRICT_PROTOTYPES = YES;
				CLANG_WARN_SUSPICIOUS_MOVE = YES;
				CLANG_WARN_UNGUARDED_AVAILABILITY = YES_AGGRESSIVE;
				CLANG_WARN_UNREACHABLE_CODE = YES;
				CLANG_WARN__DUPLICATE_METHOD_MATCH = YES;
				COPY_PHASE_STRIP = NO;
				DEBUG_INFORMATION_FORMAT = "dwarf-with-dsym";
				ENABLE_NS_ASSERTIONS = NO;
				ENABLE_STRICT_OBJC_MSGSEND = YES;
				ENABLE_USER_SCRIPT_SANDBOXING = YES;
				GCC_C_LANGUAGE_STANDARD = gnu17;
				GCC_NO_COMMON_BLOCKS = YES;
				GCC_WARN_64_TO_32_BIT_CONVERSION = YES;
				GCC_WARN_ABOUT_RETURN_TYPE = YES_ERROR;
				GCC_WARN_UNDECLARED_SELECTOR = YES;
				GCC_WARN_UNINITIALIZED_AUTOS = YES_AGGRESSIVE;
				GCC_WARN_UNUSED_FUNCTION = YES;
				GCC_WARN_UNUSED_VARIABLE = YES;
				IPHONEOS_DEPLOYMENT_TARGET = 17.0;
				LOCALIZATION_PREFERS_STRING_CATALOGS = YES;
				MTL_ENABLE_DEBUG_INFO = NO;
				MTL_FAST_MATH = YES;
				SDKROOT = iphoneos;
				SWIFT_COMPILATION_MODE = wholemodule;
				VALIDATE_PRODUCT = YES;
			};
			name = Release;
		};
		CB24F3F22BEE6D92006ABE5E /* Debug */ = {
			isa = XCBuildConfiguration;
			buildSettings = {
				ASSETCATALOG_COMPILER_APPICON_NAME = AppIcon;
				ASSETCATALOG_COMPILER_GLOBAL_ACCENT_COLOR_NAME = AccentColor;
				CODE_SIGN_STYLE = Automatic;
				CURRENT_PROJECT_VERSION = 1;
				DEVELOPMENT_ASSET_PATHS = "\"NightingaleSim/Preview Content\"";
				DEVELOPMENT_TEAM = 3UP33MD4NA;
				ENABLE_PREVIEWS = YES;
				GENERATE_INFOPLIST_FILE = YES;
				INFOPLIST_KEY_UIApplicationSceneManifest_Generation = YES;
				INFOPLIST_KEY_UIApplicationSupportsIndirectInputEvents = YES;
				INFOPLIST_KEY_UILaunchScreen_Generation = YES;
				INFOPLIST_KEY_UISupportedInterfaceOrientations_iPad = "UIInterfaceOrientationPortrait UIInterfaceOrientationPortraitUpsideDown UIInterfaceOrientationLandscapeLeft UIInterfaceOrientationLandscapeRight";
				INFOPLIST_KEY_UISupportedInterfaceOrientations_iPhone = "UIInterfaceOrientationPortrait UIInterfaceOrientationLandscapeLeft UIInterfaceOrientationLandscapeRight";
				IPHONEOS_DEPLOYMENT_TARGET = 17.0;
				LD_RUNPATH_SEARCH_PATHS = (
					"$(inherited)",
					"@executable_path/Frameworks",
				);
				MARKETING_VERSION = 1.0;
				PRODUCT_BUNDLE_IDENTIFIER = com.nightingale.NightingaleSim;
				PRODUCT_NAME = "$(TARGET_NAME)";
				SUPPORTED_PLATFORMS = "iphoneos iphonesimulator";
				SUPPORTS_MACCATALYST = NO;
				SUPPORTS_XR_DESIGNED_FOR_IPHONE_IPAD = NO;
				SWIFT_EMIT_LOC_STRINGS = YES;
				SWIFT_VERSION = 5.0;
				TARGETED_DEVICE_FAMILY = "1,2";
			};
			name = Debug;
		};
		CB24F3F32BEE6D92006ABE5E /* Release */ = {
			isa = XCBuildConfiguration;
			buildSettings = {
				ASSETCATALOG_COMPILER_APPICON_NAME = AppIcon;
				ASSETCATALOG_COMPILER_GLOBAL_ACCENT_COLOR_NAME = AccentColor;
				CODE_SIGN_STYLE = Automatic;
				CURRENT_PROJECT_VERSION = 1;
				DEVELOPMENT_ASSET_PATHS = "\"NightingaleSim/Preview Content\"";
				DEVELOPMENT_TEAM = 3UP33MD4NA;
				ENABLE_PREVIEWS = YES;
				GENERATE_INFOPLIST_FILE = YES;
				INFOPLIST_KEY_UIApplicationSceneManifest_Generation = YES;
				INFOPLIST_KEY_UIApplicationSupportsIndirectInputEvents = YES;
				INFOPLIST_KEY_UILaunchScreen_Generation = YES;
				INFOPLIST_KEY_UISupportedInterfaceOrientations_iPad = "UIInterfaceOrientationPortrait UIInterfaceOrientationPortraitUpsideDown UIInterfaceOrientationLandscapeLeft UIInterfaceOrientationLandscapeRight";
				INFOPLIST_KEY_UISupportedInterfaceOrientations_iPhone = "UIInterfaceOrientationPortrait UIInterfaceOrientationLandscapeLeft UIInterfaceOrientationLandscapeRight";
				IPHONEOS_DEPLOYMENT_TARGET = 17.0;
				LD_RUNPATH_SEARCH_PATHS = (
					"$(inherited)",
					"@executable_path/Frameworks",
				);
				MARKETING_VERSION = 1.0;
				PRODUCT_BUNDLE_IDENTIFIER = com.nightingale.NightingaleSim;
				PRODUCT_NAME = "$(TARGET_NAME)";
				SUPPORTED_PLATFORMS = "iphoneos iphonesimulator";
				SUPPORTS_MACCATALYST = NO;
				SUPPORTS_XR_DESIGNED_FOR_IPHONE_IPAD = NO;
				SWIFT_EMIT_LOC_STRINGS = YES;
				SWIFT_VERSION = 5.0;
				TARGETED_DEVICE_FAMILY = "1,2";
			};
			name = Release;
		};
/* End XCBuildConfiguration section */

/* Begin XCConfigurationList section */
		CB24F3DE2BEE6D8E006ABE5E /* Build configuration list for PBXProject "NightingaleSim" */ = {
			isa = XCConfigurationList;
			buildConfigurations = (
				CB24F3EF2BEE6D92006ABE5E /* Debug */,
				CB24F3F02BEE6D92006ABE5E /* Release */,
			);
			defaultConfigurationIsVisible = 0;
			defaultConfigurationName = Release;
		};
		CB24F3F12BEE6D92006ABE5E /* Build configuration list for PBXNativeTarget "NightingaleSim" */ = {
			isa = XCConfigurationList;
			buildConfigurations = (
				CB24F3F22BEE6D92006ABE5E /* Debug */,
				CB24F3F32BEE6D92006ABE5E /* Release */,
			);
			defaultConfigurationIsVisible = 0;
			defaultConfigurationName = Release;
		};
/* End XCConfigurationList section */
	};
	rootObject = CB24F3DB2BEE6D8E006ABE5E /* Project object */;
}
